
Microsoft Visual Studio Solution File, Format Version 12.00
# Visual Studio Version 17
VisualStudioVersion = 17.8.34511.84
MinimumVisualStudioVersion = 10.0.40219.1
Project("{FAE04EC0-301F-11D3-BF4B-00C04F79EFBC}") = "SearchANumber", "SearchANumber\SearchANumber.csproj", "{8AD1D69F-F1CF-4C03-BDA8-C225FA0062C8}"
EndProject
Project("{FAE04EC0-301F-11D3-BF4B-00C04F79EFBC}") = "SearchANumberReturnIndex", "SearchANumberReturnIndex\SearchANumberReturnIndex.csproj", "{C64ADAE8-EB6D-4BA4-ABE9-A7F72DF22F79}"
EndProject
Global
	GlobalSection(SolutionConfigurationPlatforms) = preSolution
		Debug|Any CPU = Debug|Any CPU
		Release|Any CPU = Release|Any CPU
	EndGlobalSection
	GlobalSection(ProjectConfigurationPlatforms) = postSolution
		{8AD1D69F-F1CF-4C03-BDA8-C225FA0062C8}.Debug|Any CPU.ActiveCfg = Debug|Any CPU
		{8AD1D69F-F1CF-4C03-BDA8-C225FA0062C8}.Debug|Any CPU.Build.0 = Debug|Any CPU
		{8AD1D69F-F1CF-4C03-BDA8-C225FA0062C8}.Release|Any CPU.ActiveCfg = Release|Any CPU
		{8AD1D69F-F1CF-4C03-BDA8-C225FA0062C8}.Release|Any CPU.Build.0 = Release|Any CPU
		{C64ADAE8-EB6D-4BA4-ABE9-A7F72DF22F79}.Debug|Any CPU.ActiveCfg = Debug|Any CPU
		{C64ADAE8-EB6D-4BA4-ABE9-A7F72DF22F79}.Debug|Any CPU.Build.0 = Debug|Any CPU
		{C64ADAE8-EB6D-4BA4-ABE9-A7F72DF22F79}.Release|Any CPU.ActiveCfg = Release|Any CPU
		{C64ADAE8-EB6D-4BA4-ABE9-A7F72DF22F79}.Release|Any CPU.Build.0 = Release|Any CPU
	EndGlobalSection
	GlobalSection(SolutionProperties) = preSolution
		HideSolutionNode = FALSE
	EndGlobalSection
	GlobalSection(ExtensibilityGlobals) = postSolution
		SolutionGuid = {898728AC-8530-4E24-B0C0-E7FE09DA75BE}
	EndGlobalSection
EndGlobal
